// !$*UTF8*$!
{
	archiveVersion = 1;
	classes = {
	};
	objectVersion = 50;
	objects = {

/* Begin PBXBuildFile section */
		B71FB5B5236F0FED00C926E4 /* AppDelegate.swift in Sources */ = {isa = PBXBuildFile; fileRef = B71FB5B4236F0FED00C926E4 /* AppDelegate.swift */; };
		B71FB5B7236F0FED00C926E4 /* SceneDelegate.swift in Sources */ = {isa = PBXBuildFile; fileRef = B71FB5B6236F0FED00C926E4 /* SceneDelegate.swift */; };
		B71FB5BB236F0FEE00C926E4 /* Assets.xcassets in Resources */ = {isa = PBXBuildFile; fileRef = B71FB5BA236F0FEE00C926E4 /* Assets.xcassets */; };
		B71FB5BE236F0FEE00C926E4 /* Preview Assets.xcassets in Resources */ = {isa = PBXBuildFile; fileRef = B71FB5BD236F0FEE00C926E4 /* Preview Assets.xcassets */; };
		B71FB5C1236F0FEE00C926E4 /* LaunchScreen.storyboard in Resources */ = {isa = PBXBuildFile; fileRef = B71FB5BF236F0FEE00C926E4 /* LaunchScreen.storyboard */; };
		B7AC6810236F231A001B2430 /* Drink.swift in Sources */ = {isa = PBXBuildFile; fileRef = B7AC680E236F231A001B2430 /* Drink.swift */; };
		B7AC6811236F231A001B2430 /* Data.swift in Sources */ = {isa = PBXBuildFile; fileRef = B7AC680F236F231A001B2430 /* Data.swift */; };
		B7AC6816236F2325001B2430 /* DrinkRow.swift in Sources */ = {isa = PBXBuildFile; fileRef = B7AC6812236F2325001B2430 /* DrinkRow.swift */; };
		B7AC6817236F2325001B2430 /* Home.swift in Sources */ = {isa = PBXBuildFile; fileRef = B7AC6813236F2325001B2430 /* Home.swift */; };
		B7AC6818236F2325001B2430 /* DrinkItem.swift in Sources */ = {isa = PBXBuildFile; fileRef = B7AC6814236F2325001B2430 /* DrinkItem.swift */; };
		B7AC6819236F2325001B2430 /* DrinkDetail.swift in Sources */ = {isa = PBXBuildFile; fileRef = B7AC6815236F2325001B2430 /* DrinkDetail.swift */; };
		B7AC681B236F2354001B2430 /* drinks.json in Resources */ = {isa = PBXBuildFile; fileRef = B7AC681A236F2354001B2430 /* drinks.json */; };
		B7AC682C236F2BEE001B2430 /* Self.swift in Sources */ = {isa = PBXBuildFile; fileRef = B7AC681F236F2BED001B2430 /* Self.swift */; };
		B7AC682D236F2BEE001B2430 /* Page.swift in Sources */ = {isa = PBXBuildFile; fileRef = B7AC6820236F2BED001B2430 /* Page.swift */; };
		B7AC682E236F2BEE001B2430 /* Ancestors.swift in Sources */ = {isa = PBXBuildFile; fileRef = B7AC6821236F2BED001B2430 /* Ancestors.swift */; };
		B7AC682F236F2BEE001B2430 /* UmbracoFile.swift in Sources */ = {isa = PBXBuildFile; fileRef = B7AC6822236F2BED001B2430 /* UmbracoFile.swift */; };
		B7AC6830236F2BEE001B2430 /* Parent.swift in Sources */ = {isa = PBXBuildFile; fileRef = B7AC6823236F2BED001B2430 /* Parent.swift */; };
		B7AC6831236F2BEE001B2430 /* Embedded.swift in Sources */ = {isa = PBXBuildFile; fileRef = B7AC6824236F2BEE001B2430 /* Embedded.swift */; };
		B7AC6832236F2BEE001B2430 /* Json4Swift_Base.swift in Sources */ = {isa = PBXBuildFile; fileRef = B7AC6825236F2BEE001B2430 /* Json4Swift_Base.swift */; };
		B7AC6833236F2BEE001B2430 /* Links.swift in Sources */ = {isa = PBXBuildFile; fileRef = B7AC6826236F2BEE001B2430 /* Links.swift */; };
		B7AC6834236F2BEE001B2430 /* Root.swift in Sources */ = {isa = PBXBuildFile; fileRef = B7AC6827236F2BEE001B2430 /* Root.swift */; };
		B7AC6835236F2BEE001B2430 /* Content.swift in Sources */ = {isa = PBXBuildFile; fileRef = B7AC6828236F2BEE001B2430 /* Content.swift */; };
		B7AC6836236F2BEE001B2430 /* Children.swift in Sources */ = {isa = PBXBuildFile; fileRef = B7AC6829236F2BEE001B2430 /* Children.swift */; };
		B7AC6837236F2BEE001B2430 /* Descendants.swift in Sources */ = {isa = PBXBuildFile; fileRef = B7AC682A236F2BEE001B2430 /* Descendants.swift */; };
		B7AC6838236F2BEE001B2430 /* IImage.swift in Sources */ = {isa = PBXBuildFile; fileRef = B7AC682B236F2BEE001B2430 /* IImage.swift */; };
		B7AC683A236F48CF001B2430 /* CategoryEnum.swift in Sources */ = {isa = PBXBuildFile; fileRef = B7AC6839236F48CF001B2430 /* CategoryEnum.swift */; };
		B7AC683C236F76CA001B2430 /* DrinkImageView.swift in Sources */ = {isa = PBXBuildFile; fileRef = B7AC683B236F76CA001B2430 /* DrinkImageView.swift */; };
		B7AC683E236F7F8D001B2430 /* DrinksListingsViewModel.swift in Sources */ = {isa = PBXBuildFile; fileRef = B7AC683D236F7F8D001B2430 /* DrinksListingsViewModel.swift */; };
		B7CA05AD23896F2200132101 /* ImageLoader.swift in Sources */ = {isa = PBXBuildFile; fileRef = B7CA05AC23896F2200132101 /* ImageLoader.swift */; };
/* End PBXBuildFile section */

/* Begin PBXContainerItemProxy section */
		B71FB5C8236F0FEE00C926E4 /* PBXContainerItemProxy */ = {
			isa = PBXContainerItemProxy;
			containerPortal = B71FB5A9236F0FED00C926E4 /* Project object */;
			proxyType = 1;
			remoteGlobalIDString = B71FB5B0236F0FED00C926E4;
			remoteInfo = "CoffeeApp-Umbraco-Headless";
		};
		B71FB5D3236F0FEE00C926E4 /* PBXContainerItemProxy */ = {
			isa = PBXContainerItemProxy;
			containerPortal = B71FB5A9236F0FED00C926E4 /* Project object */;
			proxyType = 1;
			remoteGlobalIDString = B71FB5B0236F0FED00C926E4;
			remoteInfo = "CoffeeApp-Umbraco-Headless";
		};
/* End PBXContainerItemProxy section */

/* Begin PBXFileReference section */
		B71FB5B1236F0FED00C926E4 /* CoffeeApp-Umbraco-Headless.app */ = {isa = PBXFileReference; explicitFileType = wrapper.application; includeInIndex = 0; path = "CoffeeApp-Umbraco-Headless.app"; sourceTree = BUILT_PRODUCTS_DIR; };
		B71FB5B4236F0FED00C926E4 /* AppDelegate.swift */ = {isa = PBXFileReference; lastKnownFileType = sourcecode.swift; path = AppDelegate.swift; sourceTree = "<group>"; };
		B71FB5B6236F0FED00C926E4 /* SceneDelegate.swift */ = {isa = PBXFileReference; lastKnownFileType = sourcecode.swift; path = SceneDelegate.swift; sourceTree = "<group>"; };
		B71FB5BA236F0FEE00C926E4 /* Assets.xcassets */ = {isa = PBXFileReference; lastKnownFileType = folder.assetcatalog; path = Assets.xcassets; sourceTree = "<group>"; };
		B71FB5BD236F0FEE00C926E4 /* Preview Assets.xcassets */ = {isa = PBXFileReference; lastKnownFileType = folder.assetcatalog; path = "Preview Assets.xcassets"; sourceTree = "<group>"; };
		B71FB5C0236F0FEE00C926E4 /* Base */ = {isa = PBXFileReference; lastKnownFileType = file.storyboard; name = Base; path = Base.lproj/LaunchScreen.storyboard; sourceTree = "<group>"; };
		B71FB5C2236F0FEE00C926E4 /* Info.plist */ = {isa = PBXFileReference; lastKnownFileType = text.plist.xml; path = Info.plist; sourceTree = "<group>"; };
		B71FB5C7236F0FEE00C926E4 /* CoffeeApp-Umbraco-HeadlessTests.xctest */ = {isa = PBXFileReference; explicitFileType = wrapper.cfbundle; includeInIndex = 0; path = "CoffeeApp-Umbraco-HeadlessTests.xctest"; sourceTree = BUILT_PRODUCTS_DIR; };
		B71FB5D2236F0FEE00C926E4 /* CoffeeApp-Umbraco-HeadlessUITests.xctest */ = {isa = PBXFileReference; explicitFileType = wrapper.cfbundle; includeInIndex = 0; path = "CoffeeApp-Umbraco-HeadlessUITests.xctest"; sourceTree = BUILT_PRODUCTS_DIR; };
		B7AC680E236F231A001B2430 /* Drink.swift */ = {isa = PBXFileReference; fileEncoding = 4; lastKnownFileType = sourcecode.swift; path = Drink.swift; sourceTree = "<group>"; };
		B7AC680F236F231A001B2430 /* Data.swift */ = {isa = PBXFileReference; fileEncoding = 4; lastKnownFileType = sourcecode.swift; path = Data.swift; sourceTree = "<group>"; };
		B7AC6812236F2325001B2430 /* DrinkRow.swift */ = {isa = PBXFileReference; fileEncoding = 4; lastKnownFileType = sourcecode.swift; path = DrinkRow.swift; sourceTree = "<group>"; };
		B7AC6813236F2325001B2430 /* Home.swift */ = {isa = PBXFileReference; fileEncoding = 4; lastKnownFileType = sourcecode.swift; path = Home.swift; sourceTree = "<group>"; };
		B7AC6814236F2325001B2430 /* DrinkItem.swift */ = {isa = PBXFileReference; fileEncoding = 4; lastKnownFileType = sourcecode.swift; path = DrinkItem.swift; sourceTree = "<group>"; };
		B7AC6815236F2325001B2430 /* DrinkDetail.swift */ = {isa = PBXFileReference; fileEncoding = 4; lastKnownFileType = sourcecode.swift; path = DrinkDetail.swift; sourceTree = "<group>"; };
		B7AC681A236F2354001B2430 /* drinks.json */ = {isa = PBXFileReference; fileEncoding = 4; lastKnownFileType = text.json; name = drinks.json; path = ../../../CoffeeApp/CoffeeApp/drinks.json; sourceTree = "<group>"; };
		B7AC681F236F2BED001B2430 /* Self.swift */ = {isa = PBXFileReference; fileEncoding = 4; lastKnownFileType = sourcecode.swift; path = Self.swift; sourceTree = "<group>"; };
		B7AC6820236F2BED001B2430 /* Page.swift */ = {isa = PBXFileReference; fileEncoding = 4; lastKnownFileType = sourcecode.swift; path = Page.swift; sourceTree = "<group>"; };
		B7AC6821236F2BED001B2430 /* Ancestors.swift */ = {isa = PBXFileReference; fileEncoding = 4; lastKnownFileType = sourcecode.swift; path = Ancestors.swift; sourceTree = "<group>"; };
		B7AC6822236F2BED001B2430 /* UmbracoFile.swift */ = {isa = PBXFileReference; fileEncoding = 4; lastKnownFileType = sourcecode.swift; path = UmbracoFile.swift; sourceTree = "<group>"; };
		B7AC6823236F2BED001B2430 /* Parent.swift */ = {isa = PBXFileReference; fileEncoding = 4; lastKnownFileType = sourcecode.swift; path = Parent.swift; sourceTree = "<group>"; };
		B7AC6824236F2BEE001B2430 /* Embedded.swift */ = {isa = PBXFileReference; fileEncoding = 4; lastKnownFileType = sourcecode.swift; path = Embedded.swift; sourceTree = "<group>"; };
		B7AC6825236F2BEE001B2430 /* Json4Swift_Base.swift */ = {isa = PBXFileReference; fileEncoding = 4; lastKnownFileType = sourcecode.swift; path = Json4Swift_Base.swift; sourceTree = "<group>"; };
		B7AC6826236F2BEE001B2430 /* Links.swift */ = {isa = PBXFileReference; fileEncoding = 4; lastKnownFileType = sourcecode.swift; path = Links.swift; sourceTree = "<group>"; };
		B7AC6827236F2BEE001B2430 /* Root.swift */ = {isa = PBXFileReference; fileEncoding = 4; lastKnownFileType = sourcecode.swift; path = Root.swift; sourceTree = "<group>"; };
		B7AC6828236F2BEE001B2430 /* Content.swift */ = {isa = PBXFileReference; fileEncoding = 4; lastKnownFileType = sourcecode.swift; path = Content.swift; sourceTree = "<group>"; };
		B7AC6829236F2BEE001B2430 /* Children.swift */ = {isa = PBXFileReference; fileEncoding = 4; lastKnownFileType = sourcecode.swift; path = Children.swift; sourceTree = "<group>"; };
		B7AC682A236F2BEE001B2430 /* Descendants.swift */ = {isa = PBXFileReference; fileEncoding = 4; lastKnownFileType = sourcecode.swift; path = Descendants.swift; sourceTree = "<group>"; };
		B7AC682B236F2BEE001B2430 /* IImage.swift */ = {isa = PBXFileReference; fileEncoding = 4; lastKnownFileType = sourcecode.swift; path = IImage.swift; sourceTree = "<group>"; };
		B7AC6839236F48CF001B2430 /* CategoryEnum.swift */ = {isa = PBXFileReference; lastKnownFileType = sourcecode.swift; path = CategoryEnum.swift; sourceTree = "<group>"; };
		B7AC683B236F76CA001B2430 /* DrinkImageView.swift */ = {isa = PBXFileReference; lastKnownFileType = sourcecode.swift; path = DrinkImageView.swift; sourceTree = "<group>"; };
		B7AC683D236F7F8D001B2430 /* DrinksListingsViewModel.swift */ = {isa = PBXFileReference; lastKnownFileType = sourcecode.swift; path = DrinksListingsViewModel.swift; sourceTree = "<group>"; };
		B7CA05AC23896F2200132101 /* ImageLoader.swift */ = {isa = PBXFileReference; lastKnownFileType = sourcecode.swift; path = ImageLoader.swift; sourceTree = "<group>"; };
/* End PBXFileReference section */

/* Begin PBXFrameworksBuildPhase section */
		B71FB5AE236F0FED00C926E4 /* Frameworks */ = {
			isa = PBXFrameworksBuildPhase;
			buildActionMask = 2147483647;
			files = (
			);
			runOnlyForDeploymentPostprocessing = 0;
		};
		B71FB5C4236F0FEE00C926E4 /* Frameworks */ = {
			isa = PBXFrameworksBuildPhase;
			buildActionMask = 2147483647;
			files = (
			);
			runOnlyForDeploymentPostprocessing = 0;
		};
		B71FB5CF236F0FEE00C926E4 /* Frameworks */ = {
			isa = PBXFrameworksBuildPhase;
			buildActionMask = 2147483647;
			files = (
			);
			runOnlyForDeploymentPostprocessing = 0;
		};
/* End PBXFrameworksBuildPhase section */

/* Begin PBXGroup section */
		B71FB5A8236F0FED00C926E4 = {
			isa = PBXGroup;
			children = (
				B71FB5B3236F0FED00C926E4 /* CoffeeApp-Umbraco-Headless */,
				B71FB5B2236F0FED00C926E4 /* Products */,
			);
			sourceTree = "<group>";
		};
		B71FB5B2236F0FED00C926E4 /* Products */ = {
			isa = PBXGroup;
			children = (
				B71FB5B1236F0FED00C926E4 /* CoffeeApp-Umbraco-Headless.app */,
				B71FB5C7236F0FEE00C926E4 /* CoffeeApp-Umbraco-HeadlessTests.xctest */,
				B71FB5D2236F0FEE00C926E4 /* CoffeeApp-Umbraco-HeadlessUITests.xctest */,
			);
			name = Products;
			sourceTree = "<group>";
		};
		B71FB5B3236F0FED00C926E4 /* CoffeeApp-Umbraco-Headless */ = {
			isa = PBXGroup;
			children = (
				B7CA05AB23896F0E00132101 /* Services */,
				B7AC681A236F2354001B2430 /* drinks.json */,
				B7AC681C236F2363001B2430 /* Views */,
				B7AC681D236F236C001B2430 /* Model */,
				B71FB5B4236F0FED00C926E4 /* AppDelegate.swift */,
				B71FB5B6236F0FED00C926E4 /* SceneDelegate.swift */,
				B71FB5BA236F0FEE00C926E4 /* Assets.xcassets */,
				B71FB5BF236F0FEE00C926E4 /* LaunchScreen.storyboard */,
				B71FB5C2236F0FEE00C926E4 /* Info.plist */,
				B71FB5BC236F0FEE00C926E4 /* Preview Content */,
			);
			path = "CoffeeApp-Umbraco-Headless";
			sourceTree = "<group>";
		};
		B71FB5BC236F0FEE00C926E4 /* Preview Content */ = {
			isa = PBXGroup;
			children = (
				B71FB5BD236F0FEE00C926E4 /* Preview Assets.xcassets */,
			);
			path = "Preview Content";
			sourceTree = "<group>";
		};
		B7AC681C236F2363001B2430 /* Views */ = {
			isa = PBXGroup;
			children = (
				B7AC6815236F2325001B2430 /* DrinkDetail.swift */,
				B7AC6814236F2325001B2430 /* DrinkItem.swift */,
				B7AC6812236F2325001B2430 /* DrinkRow.swift */,
				B7AC6813236F2325001B2430 /* Home.swift */,
				B7AC683B236F76CA001B2430 /* DrinkImageView.swift */,
			);
			path = Views;
			sourceTree = "<group>";
		};
		B7AC681D236F236C001B2430 /* Model */ = {
			isa = PBXGroup;
			children = (
				B7AC681E236F2BD0001B2430 /* Headless */,
				B7AC680F236F231A001B2430 /* Data.swift */,
				B7AC680E236F231A001B2430 /* Drink.swift */,
				B7AC6839236F48CF001B2430 /* CategoryEnum.swift */,
				B7AC683D236F7F8D001B2430 /* DrinksListingsViewModel.swift */,
			);
			path = Model;
			sourceTree = "<group>";
		};
		B7AC681E236F2BD0001B2430 /* Headless */ = {
			isa = PBXGroup;
			children = (
				B7AC6824236F2BEE001B2430 /* Embedded.swift */,
				B7AC6826236F2BEE001B2430 /* Links.swift */,
				B7AC6821236F2BED001B2430 /* Ancestors.swift */,
				B7AC6829236F2BEE001B2430 /* Children.swift */,
				B7AC6828236F2BEE001B2430 /* Content.swift */,
				B7AC682A236F2BEE001B2430 /* Descendants.swift */,
				B7AC682B236F2BEE001B2430 /* IImage.swift */,
				B7AC6825236F2BEE001B2430 /* Json4Swift_Base.swift */,
				B7AC6820236F2BED001B2430 /* Page.swift */,
				B7AC6823236F2BED001B2430 /* Parent.swift */,
				B7AC6827236F2BEE001B2430 /* Root.swift */,
				B7AC681F236F2BED001B2430 /* Self.swift */,
				B7AC6822236F2BED001B2430 /* UmbracoFile.swift */,
			);
			path = Headless;
			sourceTree = "<group>";
		};
		B7CA05AB23896F0E00132101 /* Services */ = {
			isa = PBXGroup;
			children = (
				B7CA05AC23896F2200132101 /* ImageLoader.swift */,
			);
			path = Services;
			sourceTree = "<group>";
		};
/* End PBXGroup section */

/* Begin PBXNativeTarget section */
		B71FB5B0236F0FED00C926E4 /* CoffeeApp-Umbraco-Headless */ = {
			isa = PBXNativeTarget;
			buildConfigurationList = B71FB5DB236F0FEE00C926E4 /* Build configuration list for PBXNativeTarget "CoffeeApp-Umbraco-Headless" */;
			buildPhases = (
				B71FB5AD236F0FED00C926E4 /* Sources */,
				B71FB5AE236F0FED00C926E4 /* Frameworks */,
				B71FB5AF236F0FED00C926E4 /* Resources */,
			);
			buildRules = (
			);
			dependencies = (
			);
			name = "CoffeeApp-Umbraco-Headless";
			productName = "CoffeeApp-Umbraco-Headless";
			productReference = B71FB5B1236F0FED00C926E4 /* CoffeeApp-Umbraco-Headless.app */;
			productType = "com.apple.product-type.application";
		};
		B71FB5C6236F0FEE00C926E4 /* CoffeeApp-Umbraco-HeadlessTests */ = {
			isa = PBXNativeTarget;
			buildConfigurationList = B71FB5DE236F0FEE00C926E4 /* Build configuration list for PBXNativeTarget "CoffeeApp-Umbraco-HeadlessTests" */;
			buildPhases = (
				B71FB5C3236F0FEE00C926E4 /* Sources */,
				B71FB5C4236F0FEE00C926E4 /* Frameworks */,
				B71FB5C5236F0FEE00C926E4 /* Resources */,
			);
			buildRules = (
			);
			dependencies = (
				B71FB5C9236F0FEE00C926E4 /* PBXTargetDependency */,
			);
			name = "CoffeeApp-Umbraco-HeadlessTests";
			productName = "CoffeeApp-Umbraco-HeadlessTests";
			productReference = B71FB5C7236F0FEE00C926E4 /* CoffeeApp-Umbraco-HeadlessTests.xctest */;
			productType = "com.apple.product-type.bundle.unit-test";
		};
		B71FB5D1236F0FEE00C926E4 /* CoffeeApp-Umbraco-HeadlessUITests */ = {
			isa = PBXNativeTarget;
			buildConfigurationList = B71FB5E1236F0FEE00C926E4 /* Build configuration list for PBXNativeTarget "CoffeeApp-Umbraco-HeadlessUITests" */;
			buildPhases = (
				B71FB5CE236F0FEE00C926E4 /* Sources */,
				B71FB5CF236F0FEE00C926E4 /* Frameworks */,
				B71FB5D0236F0FEE00C926E4 /* Resources */,
			);
			buildRules = (
			);
			dependencies = (
				B71FB5D4236F0FEE00C926E4 /* PBXTargetDependency */,
			);
			name = "CoffeeApp-Umbraco-HeadlessUITests";
			productName = "CoffeeApp-Umbraco-HeadlessUITests";
			productReference = B71FB5D2236F0FEE00C926E4 /* CoffeeApp-Umbraco-HeadlessUITests.xctest */;
			productType = "com.apple.product-type.bundle.ui-testing";
		};
/* End PBXNativeTarget section */

/* Begin PBXProject section */
		B71FB5A9236F0FED00C926E4 /* Project object */ = {
			isa = PBXProject;
			attributes = {
				LastSwiftUpdateCheck = 1110;
				LastUpgradeCheck = 1110;
				ORGANIZATIONNAME = "Martin Humlund Clausen";
				TargetAttributes = {
					B71FB5B0236F0FED00C926E4 = {
						CreatedOnToolsVersion = 11.1;
					};
					B71FB5C6236F0FEE00C926E4 = {
						CreatedOnToolsVersion = 11.1;
						TestTargetID = B71FB5B0236F0FED00C926E4;
					};
					B71FB5D1236F0FEE00C926E4 = {
						CreatedOnToolsVersion = 11.1;
						TestTargetID = B71FB5B0236F0FED00C926E4;
					};
				};
			};
			buildConfigurationList = B71FB5AC236F0FED00C926E4 /* Build configuration list for PBXProject "CoffeeApp-Umbraco-Headless" */;
			compatibilityVersion = "Xcode 9.3";
			developmentRegion = en;
			hasScannedForEncodings = 0;
			knownRegions = (
				en,
				Base,
			);
			mainGroup = B71FB5A8236F0FED00C926E4;
			productRefGroup = B71FB5B2236F0FED00C926E4 /* Products */;
			projectDirPath = "";
			projectRoot = "";
			targets = (
				B71FB5B0236F0FED00C926E4 /* CoffeeApp-Umbraco-Headless */,
				B71FB5C6236F0FEE00C926E4 /* CoffeeApp-Umbraco-HeadlessTests */,
				B71FB5D1236F0FEE00C926E4 /* CoffeeApp-Umbraco-HeadlessUITests */,
			);
		};
/* End PBXProject section */

/* Begin PBXResourcesBuildPhase section */
		B71FB5AF236F0FED00C926E4 /* Resources */ = {
			isa = PBXResourcesBuildPhase;
			buildActionMask = 2147483647;
			files = (
				B71FB5C1236F0FEE00C926E4 /* LaunchScreen.storyboard in Resources */,
				B71FB5BE236F0FEE00C926E4 /* Preview Assets.xcassets in Resources */,
				B7AC681B236F2354001B2430 /* drinks.json in Resources */,
				B71FB5BB236F0FEE00C926E4 /* Assets.xcassets in Resources */,
			);
			runOnlyForDeploymentPostprocessing = 0;
		};
		B71FB5C5236F0FEE00C926E4 /* Resources */ = {
			isa = PBXResourcesBuildPhase;
			buildActionMask = 2147483647;
			files = (
			);
			runOnlyForDeploymentPostprocessing = 0;
		};
		B71FB5D0236F0FEE00C926E4 /* Resources */ = {
			isa = PBXResourcesBuildPhase;
			buildActionMask = 2147483647;
			files = (
			);
			runOnlyForDeploymentPostprocessing = 0;
		};
/* End PBXResourcesBuildPhase section */

/* Begin PBXSourcesBuildPhase section */
		B71FB5AD236F0FED00C926E4 /* Sources */ = {
			isa = PBXSourcesBuildPhase;
			buildActionMask = 2147483647;
			files = (
				B7AC6837236F2BEE001B2430 /* Descendants.swift in Sources */,
				B71FB5B5236F0FED00C926E4 /* AppDelegate.swift in Sources */,
				B7AC683A236F48CF001B2430 /* CategoryEnum.swift in Sources */,
				B7AC682F236F2BEE001B2430 /* UmbracoFile.swift in Sources */,
				B7AC6810236F231A001B2430 /* Drink.swift in Sources */,
				B7AC6830236F2BEE001B2430 /* Parent.swift in Sources */,
				B7AC6816236F2325001B2430 /* DrinkRow.swift in Sources */,
				B7AC6835236F2BEE001B2430 /* Content.swift in Sources */,
				B7AC6838236F2BEE001B2430 /* IImage.swift in Sources */,
				B7AC6818236F2325001B2430 /* DrinkItem.swift in Sources */,
				B7AC682D236F2BEE001B2430 /* Page.swift in Sources */,
				B7AC6833236F2BEE001B2430 /* Links.swift in Sources */,
				B71FB5B7236F0FED00C926E4 /* SceneDelegate.swift in Sources */,
				B7AC6832236F2BEE001B2430 /* Json4Swift_Base.swift in Sources */,
				B7AC6817236F2325001B2430 /* Home.swift in Sources */,
				B7AC6831236F2BEE001B2430 /* Embedded.swift in Sources */,
				B7AC6836236F2BEE001B2430 /* Children.swift in Sources */,
				B7CA05AD23896F2200132101 /* ImageLoader.swift in Sources */,
				B7AC6834236F2BEE001B2430 /* Root.swift in Sources */,
				B7AC6811236F231A001B2430 /* Data.swift in Sources */,
				B7AC682E236F2BEE001B2430 /* Ancestors.swift in Sources */,
				B7AC683E236F7F8D001B2430 /* DrinksListingsViewModel.swift in Sources */,
				B7AC682C236F2BEE001B2430 /* Self.swift in Sources */,
				B7AC683C236F76CA001B2430 /* DrinkImageView.swift in Sources */,
				B7AC6819236F2325001B2430 /* DrinkDetail.swift in Sources */,
			);
			runOnlyForDeploymentPostprocessing = 0;
		};
		B71FB5C3236F0FEE00C926E4 /* Sources */ = {
			isa = PBXSourcesBuildPhase;
			buildActionMask = 2147483647;
			files = (
			);
			runOnlyForDeploymentPostprocessing = 0;
		};
		B71FB5CE236F0FEE00C926E4 /* Sources */ = {
			isa = PBXSourcesBuildPhase;
			buildActionMask = 2147483647;
			files = (
			);
			runOnlyForDeploymentPostprocessing = 0;
		};
/* End PBXSourcesBuildPhase section */

/* Begin PBXTargetDependency section */
		B71FB5C9236F0FEE00C926E4 /* PBXTargetDependency */ = {
			isa = PBXTargetDependency;
			target = B71FB5B0236F0FED00C926E4 /* CoffeeApp-Umbraco-Headless */;
			targetProxy = B71FB5C8236F0FEE00C926E4 /* PBXContainerItemProxy */;
		};
		B71FB5D4236F0FEE00C926E4 /* PBXTargetDependency */ = {
			isa = PBXTargetDependency;
			target = B71FB5B0236F0FED00C926E4 /* CoffeeApp-Umbraco-Headless */;
			targetProxy = B71FB5D3236F0FEE00C926E4 /* PBXContainerItemProxy */;
		};
/* End PBXTargetDependency section */

/* Begin PBXVariantGroup section */
		B71FB5BF236F0FEE00C926E4 /* LaunchScreen.storyboard */ = {
			isa = PBXVariantGroup;
			children = (
				B71FB5C0236F0FEE00C926E4 /* Base */,
			);
			name = LaunchScreen.storyboard;
			sourceTree = "<group>";
		};
/* End PBXVariantGroup section */

/* Begin XCBuildConfiguration section */
		B71FB5D9236F0FEE00C926E4 /* Debug */ = {
			isa = XCBuildConfiguration;
			buildSettings = {
				ALWAYS_SEARCH_USER_PATHS = NO;
				CLANG_ANALYZER_NONNULL = YES;
				CLANG_ANALYZER_NUMBER_OBJECT_CONVERSION = YES_AGGRESSIVE;
				CLANG_CXX_LANGUAGE_STANDARD = "gnu++14";
				CLANG_CXX_LIBRARY = "libc++";
				CLANG_ENABLE_MODULES = YES;
				CLANG_ENABLE_OBJC_ARC = YES;
				CLANG_ENABLE_OBJC_WEAK = YES;
				CLANG_WARN_BLOCK_CAPTURE_AUTORELEASING = YES;
				CLANG_WARN_BOOL_CONVERSION = YES;
				CLANG_WARN_COMMA = YES;
				CLANG_WARN_CONSTANT_CONVERSION = YES;
				CLANG_WARN_DEPRECATED_OBJC_IMPLEMENTATIONS = YES;
				CLANG_WARN_DIRECT_OBJC_ISA_USAGE = YES_ERROR;
				CLANG_WARN_DOCUMENTATION_COMMENTS = YES;
				CLANG_WARN_EMPTY_BODY = YES;
				CLANG_WARN_ENUM_CONVERSION = YES;
				CLANG_WARN_INFINITE_RECURSION = YES;
				CLANG_WARN_INT_CONVERSION = YES;
				CLANG_WARN_NON_LITERAL_NULL_CONVERSION = YES;
				CLANG_WARN_OBJC_IMPLICIT_RETAIN_SELF = YES;
				CLANG_WARN_OBJC_LITERAL_CONVERSION = YES;
				CLANG_WARN_OBJC_ROOT_CLASS = YES_ERROR;
				CLANG_WARN_RANGE_LOOP_ANALYSIS = YES;
				CLANG_WARN_STRICT_PROTOTYPES = YES;
				CLANG_WARN_SUSPICIOUS_MOVE = YES;
				CLANG_WARN_UNGUARDED_AVAILABILITY = YES_AGGRESSIVE;
				CLANG_WARN_UNREACHABLE_CODE = YES;
				CLANG_WARN__DUPLICATE_METHOD_MATCH = YES;
				COPY_PHASE_STRIP = NO;
				DEBUG_INFORMATION_FORMAT = dwarf;
				ENABLE_STRICT_OBJC_MSGSEND = YES;
				ENABLE_TESTABILITY = YES;
				GCC_C_LANGUAGE_STANDARD = gnu11;
				GCC_DYNAMIC_NO_PIC = NO;
				GCC_NO_COMMON_BLOCKS = YES;
				GCC_OPTIMIZATION_LEVEL = 0;
				GCC_PREPROCESSOR_DEFINITIONS = (
					"DEBUG=1",
					"$(inherited)",
				);
				GCC_WARN_64_TO_32_BIT_CONVERSION = YES;
				GCC_WARN_ABOUT_RETURN_TYPE = YES_ERROR;
				GCC_WARN_UNDECLARED_SELECTOR = YES;
				GCC_WARN_UNINITIALIZED_AUTOS = YES_AGGRESSIVE;
				GCC_WARN_UNUSED_FUNCTION = YES;
				GCC_WARN_UNUSED_VARIABLE = YES;
				IPHONEOS_DEPLOYMENT_TARGET = 13.1;
				MTL_ENABLE_DEBUG_INFO = INCLUDE_SOURCE;
				MTL_FAST_MATH = YES;
				ONLY_ACTIVE_ARCH = YES;
				SDKROOT = iphoneos;
				SWIFT_ACTIVE_COMPILATION_CONDITIONS = DEBUG;
				SWIFT_OPTIMIZATION_LEVEL = "-Onone";
			};
			name = Debug;
		};
		B71FB5DA236F0FEE00C926E4 /* Release */ = {
			isa = XCBuildConfiguration;
			buildSettings = {
				ALWAYS_SEARCH_USER_PATHS = NO;
				CLANG_ANALYZER_NONNULL = YES;
				CLANG_ANALYZER_NUMBER_OBJECT_CONVERSION = YES_AGGRESSIVE;
				CLANG_CXX_LANGUAGE_STANDARD = "gnu++14";
				CLANG_CXX_LIBRARY = "libc++";
				CLANG_ENABLE_MODULES = YES;
				CLANG_ENABLE_OBJC_ARC = YES;
				CLANG_ENABLE_OBJC_WEAK = YES;
				CLANG_WARN_BLOCK_CAPTURE_AUTORELEASING = YES;
				CLANG_WARN_BOOL_CONVERSION = YES;
				CLANG_WARN_COMMA = YES;
				CLANG_WARN_CONSTANT_CONVERSION = YES;
				CLANG_WARN_DEPRECATED_OBJC_IMPLEMENTATIONS = YES;
				CLANG_WARN_DIRECT_OBJC_ISA_USAGE = YES_ERROR;
				CLANG_WARN_DOCUMENTATION_COMMENTS = YES;
				CLANG_WARN_EMPTY_BODY = YES;
				CLANG_WARN_ENUM_CONVERSION = YES;
				CLANG_WARN_INFINITE_RECURSION = YES;
				CLANG_WARN_INT_CONVERSION = YES;
				CLANG_WARN_NON_LITERAL_NULL_CONVERSION = YES;
				CLANG_WARN_OBJC_IMPLICIT_RETAIN_SELF = YES;
				CLANG_WARN_OBJC_LITERAL_CONVERSION = YES;
				CLANG_WARN_OBJC_ROOT_CLASS = YES_ERROR;
				CLANG_WARN_RANGE_LOOP_ANALYSIS = YES;
				CLANG_WARN_STRICT_PROTOTYPES = YES;
				CLANG_WARN_SUSPICIOUS_MOVE = YES;
				CLANG_WARN_UNGUARDED_AVAILABILITY = YES_AGGRESSIVE;
				CLANG_WARN_UNREACHABLE_CODE = YES;
				CLANG_WARN__DUPLICATE_METHOD_MATCH = YES;
				COPY_PHASE_STRIP = NO;
				DEBUG_INFORMATION_FORMAT = "dwarf-with-dsym";
				ENABLE_NS_ASSERTIONS = NO;
				ENABLE_STRICT_OBJC_MSGSEND = YES;
				GCC_C_LANGUAGE_STANDARD = gnu11;
				GCC_NO_COMMON_BLOCKS = YES;
				GCC_WARN_64_TO_32_BIT_CONVERSION = YES;
				GCC_WARN_ABOUT_RETURN_TYPE = YES_ERROR;
				GCC_WARN_UNDECLARED_SELECTOR = YES;
				GCC_WARN_UNINITIALIZED_AUTOS = YES_AGGRESSIVE;
				GCC_WARN_UNUSED_FUNCTION = YES;
				GCC_WARN_UNUSED_VARIABLE = YES;
				IPHONEOS_DEPLOYMENT_TARGET = 13.1;
				MTL_ENABLE_DEBUG_INFO = NO;
				MTL_FAST_MATH = YES;
				SDKROOT = iphoneos;
				SWIFT_COMPILATION_MODE = wholemodule;
				SWIFT_OPTIMIZATION_LEVEL = "-O";
				VALIDATE_PRODUCT = YES;
			};
			name = Release;
		};
		B71FB5DC236F0FEE00C926E4 /* Debug */ = {
			isa = XCBuildConfiguration;
			buildSettings = {
				ASSETCATALOG_COMPILER_APPICON_NAME = AppIcon;
				CODE_SIGN_STYLE = Automatic;
				DEVELOPMENT_ASSET_PATHS = "\"CoffeeApp-Umbraco-Headless/Preview Content\"";
				ENABLE_PREVIEWS = YES;
				INFOPLIST_FILE = "CoffeeApp-Umbraco-Headless/Info.plist";
				LD_RUNPATH_SEARCH_PATHS = (
					"$(inherited)",
					"@executable_path/Frameworks",
				);
				PRODUCT_BUNDLE_IDENTIFIER = "Umbraco.CoffeeApp-Umbraco-Headless";
				PRODUCT_NAME = "$(TARGET_NAME)";
				SWIFT_VERSION = 5.0;
				TARGETED_DEVICE_FAMILY = 1;
			};
			name = Debug;
		};
		B71FB5DD236F0FEE00C926E4 /* Release */ = {
			isa = XCBuildConfiguration;
			buildSettings = {
				ASSETCATALOG_COMPILER_APPICON_NAME = AppIcon;
				CODE_SIGN_STYLE = Automatic;
				DEVELOPMENT_ASSET_PATHS = "\"CoffeeApp-Umbraco-Headless/Preview Content\"";
				ENABLE_PREVIEWS = YES;
				INFOPLIST_FILE = "CoffeeApp-Umbraco-Headless/Info.plist";
				LD_RUNPATH_SEARCH_PATHS = (
					"$(inherited)",
					"@executable_path/Frameworks",
				);
				PRODUCT_BUNDLE_IDENTIFIER = "Umbraco.CoffeeApp-Umbraco-Headless";
				PRODUCT_NAME = "$(TARGET_NAME)";
				SWIFT_VERSION = 5.0;
				TARGETED_DEVICE_FAMILY = 1;
			};
			name = Release;
		};
		B71FB5DF236F0FEE00C926E4 /* Debug */ = {
			isa = XCBuildConfiguration;
			buildSettings = {
				ALWAYS_EMBED_SWIFT_STANDARD_LIBRARIES = YES;
				BUNDLE_LOADER = "$(TEST_HOST)";
				CODE_SIGN_STYLE = Automatic;
				INFOPLIST_FILE = "CoffeeApp-Umbraco-HeadlessTests/Info.plist";
				IPHONEOS_DEPLOYMENT_TARGET = 13.1;
				LD_RUNPATH_SEARCH_PATHS = (
					"$(inherited)",
					"@executable_path/Frameworks",
					"@loader_path/Frameworks",
				);
				PRODUCT_BUNDLE_IDENTIFIER = "Umbraco.CoffeeApp-Umbraco-HeadlessTests";
				PRODUCT_NAME = "$(TARGET_NAME)";
				SWIFT_VERSION = 5.0;
				TARGETED_DEVICE_FAMILY = "1,2";
				TEST_HOST = "$(BUILT_PRODUCTS_DIR)/CoffeeApp-Umbraco-Headless.app/CoffeeApp-Umbraco-Headless";
			};
			name = Debug;
		};
		B71FB5E0236F0FEE00C926E4 /* Release */ = {
			isa = XCBuildConfiguration;
			buildSettings = {
				ALWAYS_EMBED_SWIFT_STANDARD_LIBRARIES = YES;
				BUNDLE_LOADER = "$(TEST_HOST)";
				CODE_SIGN_STYLE = Automatic;
				INFOPLIST_FILE = "CoffeeApp-Umbraco-HeadlessTests/Info.plist";
				IPHONEOS_DEPLOYMENT_TARGET = 13.1;
				LD_RUNPATH_SEARCH_PATHS = (
					"$(inherited)",
					"@executable_path/Frameworks",
					"@loader_path/Frameworks",
				);
				PRODUCT_BUNDLE_IDENTIFIER = "Umbraco.CoffeeApp-Umbraco-HeadlessTests";
				PRODUCT_NAME = "$(TARGET_NAME)";
				SWIFT_VERSION = 5.0;
				TARGETED_DEVICE_FAMILY = "1,2";
				TEST_HOST = "$(BUILT_PRODUCTS_DIR)/CoffeeApp-Umbraco-Headless.app/CoffeeApp-Umbraco-Headless";
			};
			name = Release;
		};
		B71FB5E2236F0FEE00C926E4 /* Debug */ = {
			isa = XCBuildConfiguration;
			buildSettings = {
				ALWAYS_EMBED_SWIFT_STANDARD_LIBRARIES = YES;
				CODE_SIGN_STYLE = Automatic;
				INFOPLIST_FILE = "CoffeeApp-Umbraco-HeadlessUITests/Info.plist";
				LD_RUNPATH_SEARCH_PATHS = (
					"$(inherited)",
					"@executable_path/Frameworks",
					"@loader_path/Frameworks",
				);
				PRODUCT_BUNDLE_IDENTIFIER = "Umbraco.CoffeeApp-Umbraco-HeadlessUITests";
				PRODUCT_NAME = "$(TARGET_NAME)";
				SWIFT_VERSION = 5.0;
				TARGETED_DEVICE_FAMILY = "1,2";
				TEST_TARGET_NAME = "CoffeeApp-Umbraco-Headless";
			};
			name = Debug;
		};
		B71FB5E3236F0FEE00C926E4 /* Release */ = {
			isa = XCBuildConfiguration;
			buildSettings = {
				ALWAYS_EMBED_SWIFT_STANDARD_LIBRARIES = YES;
				CODE_SIGN_STYLE = Automatic;
				INFOPLIST_FILE = "CoffeeApp-Umbraco-HeadlessUITests/Info.plist";
				LD_RUNPATH_SEARCH_PATHS = (
					"$(inherited)",
					"@executable_path/Frameworks",
					"@loader_path/Frameworks",
				);
				PRODUCT_BUNDLE_IDENTIFIER = "Umbraco.CoffeeApp-Umbraco-HeadlessUITests";
				PRODUCT_NAME = "$(TARGET_NAME)";
				SWIFT_VERSION = 5.0;
				TARGETED_DEVICE_FAMILY = "1,2";
				TEST_TARGET_NAME = "CoffeeApp-Umbraco-Headless";
			};
			name = Release;
		};
/* End XCBuildConfiguration section */

/* Begin XCConfigurationList section */
		B71FB5AC236F0FED00C926E4 /* Build configuration list for PBXProject "CoffeeApp-Umbraco-Headless" */ = {
			isa = XCConfigurationList;
			buildConfigurations = (
				B71FB5D9236F0FEE00C926E4 /* Debug */,
				B71FB5DA236F0FEE00C926E4 /* Release */,
			);
			defaultConfigurationIsVisible = 0;
			defaultConfigurationName = Release;
		};
		B71FB5DB236F0FEE00C926E4 /* Build configuration list for PBXNativeTarget "CoffeeApp-Umbraco-Headless" */ = {
			isa = XCConfigurationList;
			buildConfigurations = (
				B71FB5DC236F0FEE00C926E4 /* Debug */,
				B71FB5DD236F0FEE00C926E4 /* Release */,
			);
			defaultConfigurationIsVisible = 0;
			defaultConfigurationName = Release;
		};
		B71FB5DE236F0FEE00C926E4 /* Build configuration list for PBXNativeTarget "CoffeeApp-Umbraco-HeadlessTests" */ = {
			isa = XCConfigurationList;
			buildConfigurations = (
				B71FB5DF236F0FEE00C926E4 /* Debug */,
				B71FB5E0236F0FEE00C926E4 /* Release */,
			);
			defaultConfigurationIsVisible = 0;
			defaultConfigurationName = Release;
		};
		B71FB5E1236F0FEE00C926E4 /* Build configuration list for PBXNativeTarget "CoffeeApp-Umbraco-HeadlessUITests" */ = {
			isa = XCConfigurationList;
			buildConfigurations = (
				B71FB5E2236F0FEE00C926E4 /* Debug */,
				B71FB5E3236F0FEE00C926E4 /* Release */,
			);
			defaultConfigurationIsVisible = 0;
			defaultConfigurationName = Release;
		};
/* End XCConfigurationList section */
	};
	rootObject = B71FB5A9236F0FED00C926E4 /* Project object */;
}
